// !$*UTF8*$!
{
	archiveVersion = 1;
	classes = {
	};
	objectVersion = 55;
	objects = {

/* Begin PBXBuildFile section */
		C1166136278E3DAE00C02E5C /* CourseInfoView.swift in Sources */ = {isa = PBXBuildFile; fileRef = C1166135278E3DAE00C02E5C /* CourseInfoView.swift */; };
		C1199CDF2789C95E0033C460 /* IUM_mockupApp.swift in Sources */ = {isa = PBXBuildFile; fileRef = C1199CDE2789C95E0033C460 /* IUM_mockupApp.swift */; };
		C1199CE12789C95E0033C460 /* ContentView.swift in Sources */ = {isa = PBXBuildFile; fileRef = C1199CE02789C95E0033C460 /* ContentView.swift */; };
		C1199CE32789C9600033C460 /* Assets.xcassets in Resources */ = {isa = PBXBuildFile; fileRef = C1199CE22789C9600033C460 /* Assets.xcassets */; };
		C1199CE62789C9600033C460 /* Preview Assets.xcassets in Resources */ = {isa = PBXBuildFile; fileRef = C1199CE52789C9600033C460 /* Preview Assets.xcassets */; };
		C1199CED2789D0AD0033C460 /* MenuView.swift in Sources */ = {isa = PBXBuildFile; fileRef = C1199CEC2789D0AD0033C460 /* MenuView.swift */; };
		C1D20819278B68B20097D6FC /* ContainerView.swift in Sources */ = {isa = PBXBuildFile; fileRef = C1D20818278B68B20097D6FC /* ContainerView.swift */; };
		C1D2081B278B6BB00097D6FC /* MyCoursesView.swift in Sources */ = {isa = PBXBuildFile; fileRef = C1D2081A278B6BB00097D6FC /* MyCoursesView.swift */; };
		C1D20820278B6CA40097D6FC /* Course.swift in Sources */ = {isa = PBXBuildFile; fileRef = C1D2081F278B6CA40097D6FC /* Course.swift */; };
/* End PBXBuildFile section */

/* Begin PBXFileReference section */
		C1166135278E3DAE00C02E5C /* CourseInfoView.swift */ = {isa = PBXFileReference; lastKnownFileType = sourcecode.swift; path = CourseInfoView.swift; sourceTree = "<group>"; };
		C1199CDB2789C95E0033C460 /* IUM-mockup.app */ = {isa = PBXFileReference; explicitFileType = wrapper.application; includeInIndex = 0; path = "IUM-mockup.app"; sourceTree = BUILT_PRODUCTS_DIR; };
		C1199CDE2789C95E0033C460 /* IUM_mockupApp.swift */ = {isa = PBXFileReference; lastKnownFileType = sourcecode.swift; path = IUM_mockupApp.swift; sourceTree = "<group>"; };
		C1199CE02789C95E0033C460 /* ContentView.swift */ = {isa = PBXFileReference; lastKnownFileType = sourcecode.swift; path = ContentView.swift; sourceTree = "<group>"; };
		C1199CE22789C9600033C460 /* Assets.xcassets */ = {isa = PBXFileReference; lastKnownFileType = folder.assetcatalog; path = Assets.xcassets; sourceTree = "<group>"; };
		C1199CE52789C9600033C460 /* Preview Assets.xcassets */ = {isa = PBXFileReference; lastKnownFileType = folder.assetcatalog; path = "Preview Assets.xcassets"; sourceTree = "<group>"; };
		C1199CEC2789D0AD0033C460 /* MenuView.swift */ = {isa = PBXFileReference; lastKnownFileType = sourcecode.swift; path = MenuView.swift; sourceTree = "<group>"; };
		C1D20818278B68B20097D6FC /* ContainerView.swift */ = {isa = PBXFileReference; lastKnownFileType = sourcecode.swift; path = ContainerView.swift; sourceTree = "<group>"; };
		C1D2081A278B6BB00097D6FC /* MyCoursesView.swift */ = {isa = PBXFileReference; lastKnownFileType = sourcecode.swift; path = MyCoursesView.swift; sourceTree = "<group>"; };
		C1D2081F278B6CA40097D6FC /* Course.swift */ = {isa = PBXFileReference; lastKnownFileType = sourcecode.swift; path = Course.swift; sourceTree = "<group>"; };
/* End PBXFileReference section */

/* Begin PBXFrameworksBuildPhase section */
		C1199CD82789C95E0033C460 /* Frameworks */ = {
			isa = PBXFrameworksBuildPhase;
			buildActionMask = 2147483647;
			files = (
			);
			runOnlyForDeploymentPostprocessing = 0;
		};
/* End PBXFrameworksBuildPhase section */

/* Begin PBXGroup section */
		C1199CD22789C95E0033C460 = {
			isa = PBXGroup;
			children = (
				C1199CDD2789C95E0033C460 /* IUM-mockup */,
				C1199CDC2789C95E0033C460 /* Products */,
			);
			sourceTree = "<group>";
		};
		C1199CDC2789C95E0033C460 /* Products */ = {
			isa = PBXGroup;
			children = (
				C1199CDB2789C95E0033C460 /* IUM-mockup.app */,
			);
			name = Products;
			sourceTree = "<group>";
		};
		C1199CDD2789C95E0033C460 /* IUM-mockup */ = {
			isa = PBXGroup;
			children = (
				C1D2081C278B6C7D0097D6FC /* data */,
				C1199CEE2789D0B20033C460 /* views */,
				C1199CDE2789C95E0033C460 /* IUM_mockupApp.swift */,
				C1199CE02789C95E0033C460 /* ContentView.swift */,
				C1199CE22789C9600033C460 /* Assets.xcassets */,
				C1199CE42789C9600033C460 /* Preview Content */,
			);
			path = "IUM-mockup";
			sourceTree = "<group>";
		};
		C1199CE42789C9600033C460 /* Preview Content */ = {
			isa = PBXGroup;
			children = (
				C1199CE52789C9600033C460 /* Preview Assets.xcassets */,
			);
			path = "Preview Content";
			sourceTree = "<group>";
		};
		C1199CEE2789D0B20033C460 /* views */ = {
			isa = PBXGroup;
			children = (
				C1199CEC2789D0AD0033C460 /* MenuView.swift */,
				C1D20818278B68B20097D6FC /* ContainerView.swift */,
				C1D2081A278B6BB00097D6FC /* MyCoursesView.swift */,
				C1166135278E3DAE00C02E5C /* CourseInfoView.swift */,
			);
			path = views;
			sourceTree = "<group>";
		};
		C1D2081C278B6C7D0097D6FC /* data */ = {
			isa = PBXGroup;
			children = (
				C1D2081F278B6CA40097D6FC /* Course.swift */,
			);
			path = data;
			sourceTree = "<group>";
		};
/* End PBXGroup section */

/* Begin PBXNativeTarget section */
		C1199CDA2789C95E0033C460 /* IUM-mockup */ = {
			isa = PBXNativeTarget;
			buildConfigurationList = C1199CE92789C9600033C460 /* Build configuration list for PBXNativeTarget "IUM-mockup" */;
			buildPhases = (
				C1199CD72789C95E0033C460 /* Sources */,
				C1199CD82789C95E0033C460 /* Frameworks */,
				C1199CD92789C95E0033C460 /* Resources */,
			);
			buildRules = (
			);
			dependencies = (
			);
			name = "IUM-mockup";
			productName = "IUM-mockup";
			productReference = C1199CDB2789C95E0033C460 /* IUM-mockup.app */;
			productType = "com.apple.product-type.application";
		};
/* End PBXNativeTarget section */

/* Begin PBXProject section */
		C1199CD32789C95E0033C460 /* Project object */ = {
			isa = PBXProject;
			attributes = {
				BuildIndependentTargetsInParallel = 1;
				LastSwiftUpdateCheck = 1320;
				LastUpgradeCheck = 1320;
				TargetAttributes = {
					C1199CDA2789C95E0033C460 = {
						CreatedOnToolsVersion = 13.2.1;
					};
				};
			};
			buildConfigurationList = C1199CD62789C95E0033C460 /* Build configuration list for PBXProject "IUM-mockup" */;
			compatibilityVersion = "Xcode 13.0";
			developmentRegion = en;
			hasScannedForEncodings = 0;
			knownRegions = (
				en,
				Base,
			);
			mainGroup = C1199CD22789C95E0033C460;
			productRefGroup = C1199CDC2789C95E0033C460 /* Products */;
			projectDirPath = "";
			projectRoot = "";
			targets = (
				C1199CDA2789C95E0033C460 /* IUM-mockup */,
			);
		};
/* End PBXProject section */

/* Begin PBXResourcesBuildPhase section */
		C1199CD92789C95E0033C460 /* Resources */ = {
			isa = PBXResourcesBuildPhase;
			buildActionMask = 2147483647;
			files = (
				C1199CE62789C9600033C460 /* Preview Assets.xcassets in Resources */,
				C1199CE32789C9600033C460 /* Assets.xcassets in Resources */,
			);
			runOnlyForDeploymentPostprocessing = 0;
		};
/* End PBXResourcesBuildPhase section */

/* Begin PBXSourcesBuildPhase section */
		C1199CD72789C95E0033C460 /* Sources */ = {
			isa = PBXSourcesBuildPhase;
			buildActionMask = 2147483647;
			files = (
				C1D20820278B6CA40097D6FC /* Course.swift in Sources */,
				C1D20819278B68B20097D6FC /* ContainerView.swift in Sources */,
				C1199CE12789C95E0033C460 /* ContentView.swift in Sources */,
				C1D2081B278B6BB00097D6FC /* MyCoursesView.swift in Sources */,
				C1199CED2789D0AD0033C460 /* MenuView.swift in Sources */,
				C1166136278E3DAE00C02E5C /* CourseInfoView.swift in Sources */,
				C1199CDF2789C95E0033C460 /* IUM_mockupApp.swift in Sources */,
			);
			runOnlyForDeploymentPostprocessing = 0;
		};
/* End PBXSourcesBuildPhase section */

/* Begin XCBuildConfiguration section */
		C1199CE72789C9600033C460 /* Debug */ = {
			isa = XCBuildConfiguration;
			buildSettings = {
				ALWAYS_SEARCH_USER_PATHS = NO;
				CLANG_ANALYZER_NONNULL = YES;
				CLANG_ANALYZER_NUMBER_OBJECT_CONVERSION = YES_AGGRESSIVE;
				CLANG_CXX_LANGUAGE_STANDARD = "gnu++17";
				CLANG_CXX_LIBRARY = "libc++";
				CLANG_ENABLE_MODULES = YES;
				CLANG_ENABLE_OBJC_ARC = YES;
				CLANG_ENABLE_OBJC_WEAK = YES;
				CLANG_WARN_BLOCK_CAPTURE_AUTORELEASING = YES;
				CLANG_WARN_BOOL_CONVERSION = YES;
				CLANG_WARN_COMMA = YES;
				CLANG_WARN_CONSTANT_CONVERSION = YES;
				CLANG_WARN_DEPRECATED_OBJC_IMPLEMENTATIONS = YES;
				CLANG_WARN_DIRECT_OBJC_ISA_USAGE = YES_ERROR;
				CLANG_WARN_DOCUMENTATION_COMMENTS = YES;
				CLANG_WARN_EMPTY_BODY = YES;
				CLANG_WARN_ENUM_CONVERSION = YES;
				CLANG_WARN_INFINITE_RECURSION = YES;
				CLANG_WARN_INT_CONVERSION = YES;
				CLANG_WARN_NON_LITERAL_NULL_CONVERSION = YES;
				CLANG_WARN_OBJC_IMPLICIT_RETAIN_SELF = YES;
				CLANG_WARN_OBJC_LITERAL_CONVERSION = YES;
				CLANG_WARN_OBJC_ROOT_CLASS = YES_ERROR;
				CLANG_WARN_QUOTED_INCLUDE_IN_FRAMEWORK_HEADER = YES;
				CLANG_WARN_RANGE_LOOP_ANALYSIS = YES;
				CLANG_WARN_STRICT_PROTOTYPES = YES;
				CLANG_WARN_SUSPICIOUS_MOVE = YES;
				CLANG_WARN_UNGUARDED_AVAILABILITY = YES_AGGRESSIVE;
				CLANG_WARN_UNREACHABLE_CODE = YES;
				CLANG_WARN__DUPLICATE_METHOD_MATCH = YES;
				COPY_PHASE_STRIP = NO;
				DEBUG_INFORMATION_FORMAT = dwarf;
				ENABLE_STRICT_OBJC_MSGSEND = YES;
				ENABLE_TESTABILITY = YES;
				GCC_C_LANGUAGE_STANDARD = gnu11;
				GCC_DYNAMIC_NO_PIC = NO;
				GCC_NO_COMMON_BLOCKS = YES;
				GCC_OPTIMIZATION_LEVEL = 0;
				GCC_PREPROCESSOR_DEFINITIONS = (
					"DEBUG=1",
					"$(inherited)",
				);
				GCC_WARN_64_TO_32_BIT_CONVERSION = YES;
				GCC_WARN_ABOUT_RETURN_TYPE = YES_ERROR;
				GCC_WARN_UNDECLARED_SELECTOR = YES;
				GCC_WARN_UNINITIALIZED_AUTOS = YES_AGGRESSIVE;
				GCC_WARN_UNUSED_FUNCTION = YES;
				GCC_WARN_UNUSED_VARIABLE = YES;
				IPHONEOS_DEPLOYMENT_TARGET = 15.0;
				MTL_ENABLE_DEBUG_INFO = INCLUDE_SOURCE;
				MTL_FAST_MATH = YES;
				ONLY_ACTIVE_ARCH = YES;
				SDKROOT = iphoneos;
				SWIFT_ACTIVE_COMPILATION_CONDITIONS = DEBUG;
				SWIFT_OPTIMIZATION_LEVEL = "-Onone";
			};
			name = Debug;
		};
		C1199CE82789C9600033C460 /* Release */ = {
			isa = XCBuildConfiguration;
			buildSettings = {
				ALWAYS_SEARCH_USER_PATHS = NO;
				CLANG_ANALYZER_NONNULL = YES;
				CLANG_ANALYZER_NUMBER_OBJECT_CONVERSION = YES_AGGRESSIVE;
				CLANG_CXX_LANGUAGE_STANDARD = "gnu++17";
				CLANG_CXX_LIBRARY = "libc++";
				CLANG_ENABLE_MODULES = YES;
				CLANG_ENABLE_OBJC_ARC = YES;
				CLANG_ENABLE_OBJC_WEAK = YES;
				CLANG_WARN_BLOCK_CAPTURE_AUTORELEASING = YES;
				CLANG_WARN_BOOL_CONVERSION = YES;
				CLANG_WARN_COMMA = YES;
				CLANG_WARN_CONSTANT_CONVERSION = YES;
				CLANG_WARN_DEPRECATED_OBJC_IMPLEMENTATIONS = YES;
				CLANG_WARN_DIRECT_OBJC_ISA_USAGE = YES_ERROR;
				CLANG_WARN_DOCUMENTATION_COMMENTS = YES;
				CLANG_WARN_EMPTY_BODY = YES;
				CLANG_WARN_ENUM_CONVERSION = YES;
				CLANG_WARN_INFINITE_RECURSION = YES;
				CLANG_WARN_INT_CONVERSION = YES;
				CLANG_WARN_NON_LITERAL_NULL_CONVERSION = YES;
				CLANG_WARN_OBJC_IMPLICIT_RETAIN_SELF = YES;
				CLANG_WARN_OBJC_LITERAL_CONVERSION = YES;
				CLANG_WARN_OBJC_ROOT_CLASS = YES_ERROR;
				CLANG_WARN_QUOTED_INCLUDE_IN_FRAMEWORK_HEADER = YES;
				CLANG_WARN_RANGE_LOOP_ANALYSIS = YES;
				CLANG_WARN_STRICT_PROTOTYPES = YES;
				CLANG_WARN_SUSPICIOUS_MOVE = YES;
				CLANG_WARN_UNGUARDED_AVAILABILITY = YES_AGGRESSIVE;
				CLANG_WARN_UNREACHABLE_CODE = YES;
				CLANG_WARN__DUPLICATE_METHOD_MATCH = YES;
				COPY_PHASE_STRIP = NO;
				DEBUG_INFORMATION_FORMAT = "dwarf-with-dsym";
				ENABLE_NS_ASSERTIONS = NO;
				ENABLE_STRICT_OBJC_MSGSEND = YES;
				GCC_C_LANGUAGE_STANDARD = gnu11;
				GCC_NO_COMMON_BLOCKS = YES;
				GCC_WARN_64_TO_32_BIT_CONVERSION = YES;
				GCC_WARN_ABOUT_RETURN_TYPE = YES_ERROR;
				GCC_WARN_UNDECLARED_SELECTOR = YES;
				GCC_WARN_UNINITIALIZED_AUTOS = YES_AGGRESSIVE;
				GCC_WARN_UNUSED_FUNCTION = YES;
				GCC_WARN_UNUSED_VARIABLE = YES;
				IPHONEOS_DEPLOYMENT_TARGET = 15.0;
				MTL_ENABLE_DEBUG_INFO = NO;
				MTL_FAST_MATH = YES;
				SDKROOT = iphoneos;
				SWIFT_COMPILATION_MODE = wholemodule;
				SWIFT_OPTIMIZATION_LEVEL = "-O";
				VALIDATE_PRODUCT = YES;
			};
			name = Release;
		};
		C1199CEA2789C9600033C460 /* Debug */ = {
			isa = XCBuildConfiguration;
			buildSettings = {
				ASSETCATALOG_COMPILER_APPICON_NAME = AppIcon;
				ASSETCATALOG_COMPILER_GLOBAL_ACCENT_COLOR_NAME = AccentColor;
				CODE_SIGN_STYLE = Automatic;
				CURRENT_PROJECT_VERSION = 1;
				DEVELOPMENT_ASSET_PATHS = "\"IUM-mockup/Preview Content\"";
				DEVELOPMENT_TEAM = DS872F8VGM;
				ENABLE_PREVIEWS = YES;
				GENERATE_INFOPLIST_FILE = YES;
				INFOPLIST_KEY_UIApplicationSceneManifest_Generation = YES;
				INFOPLIST_KEY_UIApplicationSupportsIndirectInputEvents = YES;
				INFOPLIST_KEY_UILaunchScreen_Generation = YES;
				INFOPLIST_KEY_UISupportedInterfaceOrientations_iPad = "UIInterfaceOrientationPortrait UIInterfaceOrientationPortraitUpsideDown UIInterfaceOrientationLandscapeLeft UIInterfaceOrientationLandscapeRight";
				INFOPLIST_KEY_UISupportedInterfaceOrientations_iPhone = "UIInterfaceOrientationPortrait UIInterfaceOrientationLandscapeLeft UIInterfaceOrientationLandscapeRight";
				IPHONEOS_DEPLOYMENT_TARGET = 15.0;
				LD_RUNPATH_SEARCH_PATHS = (
					"$(inherited)",
					"@executable_path/Frameworks",
				);
				MARKETING_VERSION = 1.0;
				PRODUCT_BUNDLE_IDENTIFIER = "it.homeworkheroes.it.IUM-mockup";
				PRODUCT_NAME = "$(TARGET_NAME)";
				SWIFT_EMIT_LOC_STRINGS = YES;
				SWIFT_VERSION = 5.0;
				TARGETED_DEVICE_FAMILY = 1;
			};
			name = Debug;
		};
		C1199CEB2789C9600033C460 /* Release */ = {
			isa = XCBuildConfiguration;
			buildSettings = {
				ASSETCATALOG_COMPILER_APPICON_NAME = AppIcon;
				ASSETCATALOG_COMPILER_GLOBAL_ACCENT_COLOR_NAME = AccentColor;
				CODE_SIGN_STYLE = Automatic;
				CURRENT_PROJECT_VERSION = 1;
				DEVELOPMENT_ASSET_PATHS = "\"IUM-mockup/Preview Content\"";
				DEVELOPMENT_TEAM = DS872F8VGM;
				ENABLE_PREVIEWS = YES;
				GENERATE_INFOPLIST_FILE = YES;
				INFOPLIST_KEY_UIApplicationSceneManifest_Generation = YES;
				INFOPLIST_KEY_UIApplicationSupportsIndirectInputEvents = YES;
				INFOPLIST_KEY_UILaunchScreen_Generation = YES;
				INFOPLIST_KEY_UISupportedInterfaceOrientations_iPad = "UIInterfaceOrientationPortrait UIInterfaceOrientationPortraitUpsideDown UIInterfaceOrientationLandscapeLeft UIInterfaceOrientationLandscapeRight";
				INFOPLIST_KEY_UISupportedInterfaceOrientations_iPhone = "UIInterfaceOrientationPortrait UIInterfaceOrientationLandscapeLeft UIInterfaceOrientationLandscapeRight";
				IPHONEOS_DEPLOYMENT_TARGET = 15.0;
				LD_RUNPATH_SEARCH_PATHS = (
					"$(inherited)",
					"@executable_path/Frameworks",
				);
				MARKETING_VERSION = 1.0;
				PRODUCT_BUNDLE_IDENTIFIER = "it.homeworkheroes.it.IUM-mockup";
				PRODUCT_NAME = "$(TARGET_NAME)";
				SWIFT_EMIT_LOC_STRINGS = YES;
				SWIFT_VERSION = 5.0;
				TARGETED_DEVICE_FAMILY = 1;
			};
			name = Release;
		};
/* End XCBuildConfiguration section */

/* Begin XCConfigurationList section */
		C1199CD62789C95E0033C460 /* Build configuration list for PBXProject "IUM-mockup" */ = {
			isa = XCConfigurationList;
			buildConfigurations = (
				C1199CE72789C9600033C460 /* Debug */,
				C1199CE82789C9600033C460 /* Release */,
			);
			defaultConfigurationIsVisible = 0;
			defaultConfigurationName = Release;
		};
		C1199CE92789C9600033C460 /* Build configuration list for PBXNativeTarget "IUM-mockup" */ = {
			isa = XCConfigurationList;
			buildConfigurations = (
				C1199CEA2789C9600033C460 /* Debug */,
				C1199CEB2789C9600033C460 /* Release */,
			);
			defaultConfigurationIsVisible = 0;
			defaultConfigurationName = Release;
		};
/* End XCConfigurationList section */
	};
	rootObject = C1199CD32789C95E0033C460 /* Project object */;
}
